
Microsoft Visual Studio Solution File, Format Version 12.00
# Visual Studio 15
Project("{FAE04EC0-301F-11D3-BF4B-00C04F79EFBC}") = "Assembly-CSharp", "Assembly-CSharp.csproj", "{A447AA72-5122-B262-359D-E137FF0FADB4}"
EndProject
Project("{FAE04EC0-301F-11D3-BF4B-00C04F79EFBC}") = "Assembly-CSharp-firstpass", "Assembly-CSharp-firstpass.csproj", "{9573EFB2-BB53-8712-B9C3-080E5C5F8F67}"
EndProject
Global
	GlobalSection(SolutionConfigurationPlatforms) = preSolution
		Debug|Any CPU = Debug|Any CPU
		Release|Any CPU = Release|Any CPU
	EndGlobalSection
	GlobalSection(ProjectConfigurationPlatforms) = postSolution
		{A447AA72-5122-B262-359D-E137FF0FADB4}.Debug|Any CPU.ActiveCfg = Debug|Any CPU
		{A447AA72-5122-B262-359D-E137FF0FADB4}.Debug|Any CPU.Build.0 = Debug|Any CPU
		{A447AA72-5122-B262-359D-E137FF0FADB4}.Release|Any CPU.ActiveCfg = Release|Any CPU
		{A447AA72-5122-B262-359D-E137FF0FADB4}.Release|Any CPU.Build.0 = Release|Any CPU
		{9573EFB2-BB53-8712-B9C3-080E5C5F8F67}.Debug|Any CPU.ActiveCfg = Debug|Any CPU
		{9573EFB2-BB53-8712-B9C3-080E5C5F8F67}.Debug|Any CPU.Build.0 = Debug|Any CPU
		{9573EFB2-BB53-8712-B9C3-080E5C5F8F67}.Release|Any CPU.ActiveCfg = Release|Any CPU
		{9573EFB2-BB53-8712-B9C3-080E5C5F8F67}.Release|Any CPU.Build.0 = Release|Any CPU
	EndGlobalSection
	GlobalSection(SolutionProperties) = preSolution
		HideSolutionNode = FALSE
	EndGlobalSection
EndGlobal
